version = 1
requires-python = ">=3.12"

[[package]]
name = "checker"
version = "0.1.0"
source = { virtual = "." }
dependencies = [
    { name = "grpc-stubs" },
    { name = "grpcio" },
    { name = "grpcio-tools" },
    { name = "hexdump" },
    { name = "mypy-protobuf" },
    { name = "protobuf" },
    { name = "pyright" },
    { name = "ruff" },
    { name = "types-protobuf" },
]

[package.metadata]
requires-dist = [
    { name = "grpc-stubs", specifier = ">=1.53.0.5" },
    { name = "grpcio", specifier = ">=1.66.2" },
    { name = "grpcio-tools", specifier = ">=1.66.2" },
    { name = "hexdump", specifier = ">=3.3" },
    { name = "mypy-protobuf", specifier = ">=3.6.0" },
    { name = "protobuf", specifier = "==5.27.2" },
    { name = "pyright", specifier = ">=1.1.384" },
    { name = "ruff", specifier = ">=0.6.9" },
    { name = "types-protobuf", specifier = ">=5.28.0.20240924" },
]

[[package]]
name = "grpc-stubs"
version = "1.53.0.5"
source = { registry = "https://pypi.org/simple" }
dependencies = [
    { name = "grpcio" },
]
sdist = { url = "https://files.pythonhosted.org/packages/55/8d/14c6b8c2fa5d82ffe96aed53b1c38e2a9fb6a57c5836966545f3080e5adc/grpc-stubs-1.53.0.5.tar.gz", hash = "sha256:3e1b642775cbc3e0c6332cfcedfccb022176db87e518757bef3a1241397be406", size = 14259 }
wheels = [
    { url = "https://files.pythonhosted.org/packages/e0/86/147d2ccaf9b4b81407734b9abc1152aff39836e8e05be3bf069f9374c021/grpc_stubs-1.53.0.5-py3-none-any.whl", hash = "sha256:04183fb65a1b166a1febb9627e3d9647d3926ccc2dfe049fe7b6af243428dbe1", size = 16497 },
]

[[package]]
name = "grpcio"
version = "1.66.2"
source = { registry = "https://pypi.org/simple" }
sdist = { url = "https://files.pythonhosted.org/packages/71/d1/49a96df4eb1d805cf546247df40636515416d2d5c66665e5129c8b4162a8/grpcio-1.66.2.tar.gz", hash = "sha256:563588c587b75c34b928bc428548e5b00ea38c46972181a4d8b75ba7e3f24231", size = 12489713 }
wheels = [
    { url = "https://files.pythonhosted.org/packages/6b/5c/c4da36b7a77dbb15c4bc72228dff7161874752b2c6bddf7bb046d9da1b90/grpcio-1.66.2-cp312-cp312-linux_armv7l.whl", hash = "sha256:802d84fd3d50614170649853d121baaaa305de7b65b3e01759247e768d691ddf", size = 5002933 },
    { url = "https://files.pythonhosted.org/packages/a0/d5/b631445dff250a5301f51ff56c5fc917c7f955cd02fa55379f158a89abeb/grpcio-1.66.2-cp312-cp312-macosx_10_9_universal2.whl", hash = "sha256:80fd702ba7e432994df208f27514280b4b5c6843e12a48759c9255679ad38db8", size = 10793953 },
    { url = "https://files.pythonhosted.org/packages/c8/1c/2179ac112152e92c02990f98183edf645df14aa3c38b39f1a3a60358b6c6/grpcio-1.66.2-cp312-cp312-manylinux_2_17_aarch64.whl", hash = "sha256:12fda97ffae55e6526825daf25ad0fa37483685952b5d0f910d6405c87e3adb6", size = 5499791 },
    { url = "https://files.pythonhosted.org/packages/0b/53/8d7ab865fbd983309c8242930f00b28a01047f70c2b2e4c79a5c92a46a08/grpcio-1.66.2-cp312-cp312-manylinux_2_17_i686.manylinux2014_i686.whl", hash = "sha256:950da58d7d80abd0ea68757769c9db0a95b31163e53e5bb60438d263f4bed7b7", size = 6109606 },
    { url = "https://files.pythonhosted.org/packages/86/e9/3dfb5a3ff540636d46b8b723345e923e8c553d9b3f6a8d1b09b0d915eb46/grpcio-1.66.2-cp312-cp312-manylinux_2_17_x86_64.manylinux2014_x86_64.whl", hash = "sha256:e636ce23273683b00410f1971d209bf3689238cf5538d960adc3cdfe80dd0dbd", size = 5762866 },
    { url = "https://files.pythonhosted.org/packages/f1/cb/c07493ad5dd73d51e4e15b0d483ff212dfec136ee1e4f3b49d115bdc7a13/grpcio-1.66.2-cp312-cp312-musllinux_1_1_i686.whl", hash = "sha256:a917d26e0fe980b0ac7bfcc1a3c4ad6a9a4612c911d33efb55ed7833c749b0ee", size = 6446819 },
    { url = "https://files.pythonhosted.org/packages/ff/5f/142e19db367a34ea0ee8a8451e43215d0a1a5dbffcfdcae8801f22903301/grpcio-1.66.2-cp312-cp312-musllinux_1_1_x86_64.whl", hash = "sha256:49f0ca7ae850f59f828a723a9064cadbed90f1ece179d375966546499b8a2c9c", size = 6040273 },
    { url = "https://files.pythonhosted.org/packages/5c/3b/12fcd752c55002e4b0e0a7bd5faec101bc0a4e3890be3f95a43353142481/grpcio-1.66.2-cp312-cp312-win32.whl", hash = "sha256:31fd163105464797a72d901a06472860845ac157389e10f12631025b3e4d0453", size = 3537988 },
    { url = "https://files.pythonhosted.org/packages/f1/70/76bfea3faa862bfceccba255792e780691ff25b8227180759c9d38769379/grpcio-1.66.2-cp312-cp312-win_amd64.whl", hash = "sha256:ff1f7882e56c40b0d33c4922c15dfa30612f05fb785074a012f7cda74d1c3679", size = 4275553 },
    { url = "https://files.pythonhosted.org/packages/72/31/8708a8dfb3f1ac89926c27c5dd17412764157a2959dbc5a606eaf8ac71f6/grpcio-1.66.2-cp313-cp313-linux_armv7l.whl", hash = "sha256:3b00efc473b20d8bf83e0e1ae661b98951ca56111feb9b9611df8efc4fe5d55d", size = 5004245 },
    { url = "https://files.pythonhosted.org/packages/8b/37/0b57c3769efb3cc9ec97fcaa9f7243046660e7ed58c0faebc4ef315df92c/grpcio-1.66.2-cp313-cp313-macosx_10_13_universal2.whl", hash = "sha256:1caa38fb22a8578ab8393da99d4b8641e3a80abc8fd52646f1ecc92bcb8dee34", size = 10756749 },
    { url = "https://files.pythonhosted.org/packages/bf/5a/425e995724a19a1b110340ed653bc7c5de8019d9fc84b3798a0f79c3eb31/grpcio-1.66.2-cp313-cp313-manylinux_2_17_aarch64.whl", hash = "sha256:c408f5ef75cfffa113cacd8b0c0e3611cbfd47701ca3cdc090594109b9fcbaed", size = 5499666 },
    { url = "https://files.pythonhosted.org/packages/2e/e4/86a5c5ec40a6b683671a1d044ebca433812d99da8fcfc2889e9c43cecbd4/grpcio-1.66.2-cp313-cp313-manylinux_2_17_i686.manylinux2014_i686.whl", hash = "sha256:c806852deaedee9ce8280fe98955c9103f62912a5b2d5ee7e3eaa284a6d8d8e7", size = 6109578 },
    { url = "https://files.pythonhosted.org/packages/2f/86/a86742f3deaa22385c3bff984c5947fc62d47d3fab26c508730037d027e5/grpcio-1.66.2-cp313-cp313-manylinux_2_17_x86_64.manylinux2014_x86_64.whl", hash = "sha256:f145cc21836c332c67baa6fc81099d1d27e266401565bf481948010d6ea32d46", size = 5763274 },
    { url = "https://files.pythonhosted.org/packages/c3/61/b9a2a4345dea0a354c4ed8ac7aacbdd0ff986acbc8f92680213cf3d2faa3/grpcio-1.66.2-cp313-cp313-musllinux_1_1_i686.whl", hash = "sha256:73e3b425c1e155730273f73e419de3074aa5c5e936771ee0e4af0814631fb30a", size = 6450416 },
    { url = "https://files.pythonhosted.org/packages/50/b9/ad303ce75d8cd71d855a661519aa160ce42f27498f589f1ae6d9f8c5e8ac/grpcio-1.66.2-cp313-cp313-musllinux_1_1_x86_64.whl", hash = "sha256:9c509a4f78114cbc5f0740eb3d7a74985fd2eff022971bc9bc31f8bc93e66a3b", size = 6040045 },
    { url = "https://files.pythonhosted.org/packages/ac/b3/8db1873e3240ef1672ba87b89e949ece367089e29e4d221377bfdd288bd3/grpcio-1.66.2-cp313-cp313-win32.whl", hash = "sha256:20657d6b8cfed7db5e11b62ff7dfe2e12064ea78e93f1434d61888834bc86d75", size = 3537126 },
    { url = "https://files.pythonhosted.org/packages/a2/df/133216989fe7e17caeafd7ff5b17cc82c4e722025d0b8d5d2290c11fe2e6/grpcio-1.66.2-cp313-cp313-win_amd64.whl", hash = "sha256:fb70487c95786e345af5e854ffec8cb8cc781bcc5df7930c4fbb7feaa72e1cdf", size = 4278018 },
]

[[package]]
name = "grpcio-tools"
version = "1.66.2"
source = { registry = "https://pypi.org/simple" }
dependencies = [
    { name = "grpcio" },
    { name = "protobuf" },
    { name = "setuptools" },
]
sdist = { url = "https://files.pythonhosted.org/packages/3c/31/bc5b5cc2552a58690eb90a6dcfa64d4ff4bd5dcce03711e4975ea683a3e3/grpcio_tools-1.66.2.tar.gz", hash = "sha256:4a36e07913d26ba5ccfd2685ba63ca97f26b08c249d2cc9e74dda37efa49d7e4", size = 5158759 }
wheels = [
    { url = "https://files.pythonhosted.org/packages/4e/f0/9be2dd8e6ec1c01cf2510ba39835525a8807743d059b8b739c04009824fc/grpcio_tools-1.66.2-cp312-cp312-linux_armv7l.whl", hash = "sha256:d8ca76fc40a7d35ddf1229afd04408e2ff94caf4385068c8b147e064e951e0ba", size = 2307644 },
    { url = "https://files.pythonhosted.org/packages/50/7b/9ea3fccf2f213f0780f37f6cf3eff1d2ffe8b5a96f223033cbf8464c37a1/grpcio_tools-1.66.2-cp312-cp312-macosx_10_9_universal2.whl", hash = "sha256:6cc3da6994d575c425c74ce33e34b86a975ea7e78bb9c3525e8439a3af3c508f", size = 5525457 },
    { url = "https://files.pythonhosted.org/packages/7a/04/cb98ba499fc7aea174e86415d3ceb23c15f10c76530165c7d34d292173d4/grpcio_tools-1.66.2-cp312-cp312-manylinux_2_17_aarch64.whl", hash = "sha256:89e437ced43275e7427cc82a837f5cd43ebe18a1080b0e50a47627895b44b0e6", size = 2281765 },
    { url = "https://files.pythonhosted.org/packages/9f/4c/14c68bdc17611b9ba6f8d88e893e20bfd5fedc2132f83306d748b23a4527/grpcio_tools-1.66.2-cp312-cp312-manylinux_2_17_i686.manylinux2014_i686.whl", hash = "sha256:d95f030e708266d7fd6d3e5d56e30a9bbbe230604856b1fe93edd892e4389aab", size = 2617362 },
    { url = "https://files.pythonhosted.org/packages/4b/b6/111b8b52189fd0822a4ccc975f0e8214ac1910ce2d38f04b1cab2cb56896/grpcio_tools-1.66.2-cp312-cp312-manylinux_2_17_x86_64.manylinux2014_x86_64.whl", hash = "sha256:1b3cf9ae67f8bb431ab3ff60db75c3586dc5aa993be4b15bd7cad651362563cd", size = 2415326 },
    { url = "https://files.pythonhosted.org/packages/0e/4b/006b246f19b8b8a4fae7c4100126ce98f26f2ccd5baa0d54144ffd15bd63/grpcio_tools-1.66.2-cp312-cp312-musllinux_1_1_i686.whl", hash = "sha256:b4896a0853fc402273e908c0a0710d25242f1ae907efb9d22ba6d82d4ba00ad8", size = 3225045 },
    { url = "https://files.pythonhosted.org/packages/b6/20/9faf510a0d93ac2527fbf0cb886e6e603a13afa64b566ffc14dc90957a64/grpcio_tools-1.66.2-cp312-cp312-musllinux_1_1_x86_64.whl", hash = "sha256:d31aad10f90fccb0073bc03b4d1b67690ef4f0cd9af96e82944b9cc655d12b6f", size = 2870423 },
    { url = "https://files.pythonhosted.org/packages/74/dd/d7cab621702327bf1d9f7df87308468c9ab2c721b07544bc3a09003f6fc7/grpcio_tools-1.66.2-cp312-cp312-win32.whl", hash = "sha256:d8f976f35683e49467d0bf2b90c170ac5443cd162d48d8d868801fd0d87a5fa8", size = 940541 },
    { url = "https://files.pythonhosted.org/packages/c1/f3/170c2aeadb454f85c4b64340b81a0694985855951034e1042ccaed5a9232/grpcio_tools-1.66.2-cp312-cp312-win_amd64.whl", hash = "sha256:b2c19e5a888a6ee48ba699581a90c04806b2a93f574f37449c359ec17a793669", size = 1090426 },
    { url = "https://files.pythonhosted.org/packages/57/c6/9048242cf5c32899c3675bdea6d78a01e0a5411d1d2c012f90d1fe407718/grpcio_tools-1.66.2-cp313-cp313-linux_armv7l.whl", hash = "sha256:7e8c9aa91a9e51199048202e3c54491e0a89fb3ac47dde36ff2964fbcee143a3", size = 2307453 },
    { url = "https://files.pythonhosted.org/packages/72/f5/337d4f6009e39f5106963dd289836f5e722552b3ebeb808d9270aa777678/grpcio_tools-1.66.2-cp313-cp313-macosx_10_13_universal2.whl", hash = "sha256:0eaedd3c77824c3762b728c485f91097a58116fa135f3bbc24703621476cd866", size = 5517964 },
    { url = "https://files.pythonhosted.org/packages/d9/49/de2583c81fded5ce3bbfb62b00fe98e346d6197f5102da54591f3e6078d0/grpcio_tools-1.66.2-cp313-cp313-manylinux_2_17_aarch64.whl", hash = "sha256:a14007902fb6565c21815da4177105ec905ef37f0550190c4d1bbeb2928c6560", size = 2281082 },
    { url = "https://files.pythonhosted.org/packages/f7/50/305eef404c515ee8dab72b3ac09fa9ff43ad309e2990c46b6b22356d7112/grpcio_tools-1.66.2-cp313-cp313-manylinux_2_17_i686.manylinux2014_i686.whl", hash = "sha256:df8f098bb92d192230f3b23df514b139f3549e2a4390d1f0f0d8ff89de458c54", size = 2616925 },
    { url = "https://files.pythonhosted.org/packages/1d/0f/273d7ac9c7d99b56abb5841d8aff7ffd148fe01b48c2913c8da3de9438e7/grpcio_tools-1.66.2-cp313-cp313-manylinux_2_17_x86_64.manylinux2014_x86_64.whl", hash = "sha256:c68642829368f4f83929e0df571dbbc99f1f1553555d8f98d0582da9f6743d9e", size = 2414642 },
    { url = "https://files.pythonhosted.org/packages/9b/a6/4cb894af0b8244e6afb537f3bc624487a2ee285632ad56249a95782cba94/grpcio_tools-1.66.2-cp313-cp313-musllinux_1_1_i686.whl", hash = "sha256:5fd20110d2c7706dfdd95457807acb8c050253be2e272b9f5fb977e87ea44d86", size = 3224331 },
    { url = "https://files.pythonhosted.org/packages/f6/75/332ca1f49ef7c48a31fb88a9e9738ffcbc61718fa2c2c5137d6e187a6af4/grpcio_tools-1.66.2-cp313-cp313-musllinux_1_1_x86_64.whl", hash = "sha256:4b16244be4cff92408eb82901b883a70f3dd902fb7c7f66e2a368271be84cde4", size = 2869639 },
    { url = "https://files.pythonhosted.org/packages/19/d0/9080d3fa949659d148425547db7ad84d675554f6ed1bb113bcbd3572d480/grpcio_tools-1.66.2-cp313-cp313-win32.whl", hash = "sha256:d872ba3bbe9e15b43eeb9310dad5edbf490bb3ab0072a46b3a12fed0234eec23", size = 939996 },
    { url = "https://files.pythonhosted.org/packages/83/84/50b7bd9114e22c7b10003e4862b938d3ae253fdb5027088914443890b277/grpcio_tools-1.66.2-cp313-cp313-win_amd64.whl", hash = "sha256:a2810921218471aab5c8cd20204d3b1886aa8e13b495e882158bb398982cf18e", size = 1089819 },
]

[[package]]
name = "hexdump"
version = "3.3"
source = { registry = "https://pypi.org/simple" }
sdist = { url = "https://files.pythonhosted.org/packages/55/b3/279b1d57fa3681725d0db8820405cdcb4e62a9239c205e4ceac4391c78e4/hexdump-3.3.zip", hash = "sha256:d781a43b0c16ace3f9366aade73e8ad3a7bd5137d58f0b45ab2d3f54876f20db", size = 12658 }

[[package]]
name = "mypy-protobuf"
version = "3.6.0"
source = { registry = "https://pypi.org/simple" }
dependencies = [
    { name = "protobuf" },
    { name = "types-protobuf" },
]
sdist = { url = "https://files.pythonhosted.org/packages/4d/6f/282d64d66bf48ce60e38a6560753f784e0f88ab245ac2fb5e93f701a36cd/mypy-protobuf-3.6.0.tar.gz", hash = "sha256:02f242eb3409f66889f2b1a3aa58356ec4d909cdd0f93115622e9e70366eca3c", size = 24445 }
wheels = [
    { url = "https://files.pythonhosted.org/packages/e8/73/d6b999782ae22f16971cc05378b3b33f6a89ede3b9619e8366aa23484bca/mypy_protobuf-3.6.0-py3-none-any.whl", hash = "sha256:56176e4d569070e7350ea620262478b49b7efceba4103d468448f1d21492fd6c", size = 16434 },
]

[[package]]
name = "nodeenv"
version = "1.9.1"
source = { registry = "https://pypi.org/simple" }
sdist = { url = "https://files.pythonhosted.org/packages/43/16/fc88b08840de0e0a72a2f9d8c6bae36be573e475a6326ae854bcc549fc45/nodeenv-1.9.1.tar.gz", hash = "sha256:6ec12890a2dab7946721edbfbcd91f3319c6ccc9aec47be7c7e6b7011ee6645f", size = 47437 }
wheels = [
    { url = "https://files.pythonhosted.org/packages/d2/1d/1b658dbd2b9fa9c4c9f32accbfc0205d532c8c6194dc0f2a4c0428e7128a/nodeenv-1.9.1-py2.py3-none-any.whl", hash = "sha256:ba11c9782d29c27c70ffbdda2d7415098754709be8a7056d79a737cd901155c9", size = 22314 },
]

[[package]]
name = "protobuf"
version = "5.27.2"
source = { registry = "https://pypi.org/simple" }
sdist = { url = "https://files.pythonhosted.org/packages/71/a5/d61e4263e62e6db1990c120d682870e5c50a30fb6b26119a214c7a014847/protobuf-5.27.2.tar.gz", hash = "sha256:f3ecdef226b9af856075f28227ff2c90ce3a594d092c39bee5513573f25e2714", size = 401640 }
wheels = [
    { url = "https://files.pythonhosted.org/packages/e9/9d/318d07d4edd1dc1a29ae67f7bb42b6e8a570f817ebe8608bf3c9c518d4e8/protobuf-5.27.2-cp310-abi3-win32.whl", hash = "sha256:354d84fac2b0d76062e9b3221f4abbbacdfd2a4d8af36bab0474f3a0bb30ab38", size = 405829 },
    { url = "https://files.pythonhosted.org/packages/b1/04/73b8fd7f34f3a2b2b64aa31a173b8aebbdb0c55523df4c027846bb44bc1e/protobuf-5.27.2-cp310-abi3-win_amd64.whl", hash = "sha256:0e341109c609749d501986b835f667c6e1e24531096cff9d34ae411595e26505", size = 426919 },
    { url = "https://files.pythonhosted.org/packages/75/44/6ae304790fad936bb4cf09907a05d669b7600458a02b6c960fdaaeeab06e/protobuf-5.27.2-cp38-abi3-macosx_10_9_universal2.whl", hash = "sha256:a109916aaac42bff84702fb5187f3edadbc7c97fc2c99c5ff81dd15dcce0d1e5", size = 412246 },
    { url = "https://files.pythonhosted.org/packages/cd/c7/a534268f9c3780be1ba50f5ed96243fa9cf6224a445de662c34e91ce0e61/protobuf-5.27.2-cp38-abi3-manylinux2014_aarch64.whl", hash = "sha256:176c12b1f1c880bf7a76d9f7c75822b6a2bc3db2d28baa4d300e8ce4cde7409b", size = 307143 },
    { url = "https://files.pythonhosted.org/packages/27/e4/8dc4546be46873f8950cb44cdfe19b79d66d26e53c4ee5e3440406257fcd/protobuf-5.27.2-cp38-abi3-manylinux2014_x86_64.whl", hash = "sha256:b848dbe1d57ed7c191dfc4ea64b8b004a3f9ece4bf4d0d80a367b76df20bf36e", size = 309259 },
    { url = "https://files.pythonhosted.org/packages/3a/fa/4c3ac5527ed2e5f3577167ecd5f8180ffcdc8bdd59c9f143409c19706456/protobuf-5.27.2-py3-none-any.whl", hash = "sha256:54330f07e4949d09614707c48b06d1a22f8ffb5763c159efd5c0928326a91470", size = 164772 },
]

[[package]]
name = "pyright"
version = "1.1.384"
source = { registry = "https://pypi.org/simple" }
dependencies = [
    { name = "nodeenv" },
    { name = "typing-extensions" },
]
sdist = { url = "https://files.pythonhosted.org/packages/84/00/a23114619f9d005f4b0f35e037c76cee029174d090a6f73a355749c74f4a/pyright-1.1.384.tar.gz", hash = "sha256:25e54d61f55cbb45f1195ff89c488832d7a45d59f3e132f178fdf9ef6cafc706", size = 21956 }
wheels = [
    { url = "https://files.pythonhosted.org/packages/6d/4a/e7f4d71d194ba675f3577d11eebe4e17a592c4d1c3f9986d4b321ba3c809/pyright-1.1.384-py3-none-any.whl", hash = "sha256:f0b6f4db2da38f27aeb7035c26192f034587875f751b847e9ad42ed0c704ac9e", size = 18578 },
]

[[package]]
name = "ruff"
version = "0.6.9"
source = { registry = "https://pypi.org/simple" }
sdist = { url = "https://files.pythonhosted.org/packages/26/0d/6148a48dab5662ca1d5a93b7c0d13c03abd3cc7e2f35db08410e47cef15d/ruff-0.6.9.tar.gz", hash = "sha256:b076ef717a8e5bc819514ee1d602bbdca5b4420ae13a9cf61a0c0a4f53a2baa2", size = 3095355 }
wheels = [
    { url = "https://files.pythonhosted.org/packages/6e/8f/f7a0a0ef1818662efb32ed6df16078c95da7a0a3248d64c2410c1e27799f/ruff-0.6.9-py3-none-linux_armv6l.whl", hash = "sha256:064df58d84ccc0ac0fcd63bc3090b251d90e2a372558c0f057c3f75ed73e1ccd", size = 10440526 },
    { url = "https://files.pythonhosted.org/packages/8b/69/b179a5faf936a9e2ab45bb412a668e4661eded964ccfa19d533f29463ef6/ruff-0.6.9-py3-none-macosx_10_12_x86_64.whl", hash = "sha256:140d4b5c9f5fc7a7b074908a78ab8d384dd7f6510402267bc76c37195c02a7ec", size = 10034612 },
    { url = "https://files.pythonhosted.org/packages/c7/ef/fd1b4be979c579d191eeac37b5cfc0ec906de72c8bcd8595e2c81bb700c1/ruff-0.6.9-py3-none-macosx_11_0_arm64.whl", hash = "sha256:53fd8ca5e82bdee8da7f506d7b03a261f24cd43d090ea9db9a1dc59d9313914c", size = 9706197 },
    { url = "https://files.pythonhosted.org/packages/29/61/b376d775deb5851cb48d893c568b511a6d3625ef2c129ad5698b64fb523c/ruff-0.6.9-py3-none-manylinux_2_17_aarch64.manylinux2014_aarch64.whl", hash = "sha256:645d7d8761f915e48a00d4ecc3686969761df69fb561dd914a773c1a8266e14e", size = 10751855 },
    { url = "https://files.pythonhosted.org/packages/13/d7/def9e5f446d75b9a9c19b24231a3a658c075d79163b08582e56fa5dcfa38/ruff-0.6.9-py3-none-manylinux_2_17_armv7l.manylinux2014_armv7l.whl", hash = "sha256:eae02b700763e3847595b9d2891488989cac00214da7f845f4bcf2989007d577", size = 10200889 },
    { url = "https://files.pythonhosted.org/packages/6c/d6/7f34160818bcb6e84ce293a5966cba368d9112ff0289b273fbb689046047/ruff-0.6.9-py3-none-manylinux_2_17_i686.manylinux2014_i686.whl", hash = "sha256:7d5ccc9e58112441de8ad4b29dcb7a86dc25c5f770e3c06a9d57e0e5eba48829", size = 11038678 },
    { url = "https://files.pythonhosted.org/packages/13/34/a40ff8ae62fb1b26fb8e6fa7e64bc0e0a834b47317880de22edd6bfb54fb/ruff-0.6.9-py3-none-manylinux_2_17_ppc64.manylinux2014_ppc64.whl", hash = "sha256:417b81aa1c9b60b2f8edc463c58363075412866ae4e2b9ab0f690dc1e87ac1b5", size = 11808682 },
    { url = "https://files.pythonhosted.org/packages/2e/6d/25a4386ae4009fc798bd10ba48c942d1b0b3e459b5403028f1214b6dd161/ruff-0.6.9-py3-none-manylinux_2_17_ppc64le.manylinux2014_ppc64le.whl", hash = "sha256:3c866b631f5fbce896a74a6e4383407ba7507b815ccc52bcedabb6810fdb3ef7", size = 11330446 },
    { url = "https://files.pythonhosted.org/packages/f7/f6/bdf891a9200d692c94ebcd06ae5a2fa5894e522f2c66c2a12dd5d8cb2654/ruff-0.6.9-py3-none-manylinux_2_17_s390x.manylinux2014_s390x.whl", hash = "sha256:7b118afbb3202f5911486ad52da86d1d52305b59e7ef2031cea3425142b97d6f", size = 12483048 },
    { url = "https://files.pythonhosted.org/packages/a7/86/96f4252f41840e325b3fa6c48297e661abb9f564bd7dcc0572398c8daa42/ruff-0.6.9-py3-none-manylinux_2_17_x86_64.manylinux2014_x86_64.whl", hash = "sha256:a67267654edc23c97335586774790cde402fb6bbdb3c2314f1fc087dee320bfa", size = 10936855 },
    { url = "https://files.pythonhosted.org/packages/45/87/801a52d26c8dbf73424238e9908b9ceac430d903c8ef35eab1b44fcfa2bd/ruff-0.6.9-py3-none-musllinux_1_2_aarch64.whl", hash = "sha256:3ef0cc774b00fec123f635ce5c547dac263f6ee9fb9cc83437c5904183b55ceb", size = 10713007 },
    { url = "https://files.pythonhosted.org/packages/be/27/6f7161d90320a389695e32b6ebdbfbedde28ccbf52451e4b723d7ce744ad/ruff-0.6.9-py3-none-musllinux_1_2_armv7l.whl", hash = "sha256:12edd2af0c60fa61ff31cefb90aef4288ac4d372b4962c2864aeea3a1a2460c0", size = 10274594 },
    { url = "https://files.pythonhosted.org/packages/00/52/dc311775e7b5f5b19831563cb1572ecce63e62681bccc609867711fae317/ruff-0.6.9-py3-none-musllinux_1_2_i686.whl", hash = "sha256:55bb01caeaf3a60b2b2bba07308a02fca6ab56233302406ed5245180a05c5625", size = 10608024 },
    { url = "https://files.pythonhosted.org/packages/98/b6/be0a1ddcbac65a30c985cf7224c4fce786ba2c51e7efeb5178fe410ed3cf/ruff-0.6.9-py3-none-musllinux_1_2_x86_64.whl", hash = "sha256:925d26471fa24b0ce5a6cdfab1bb526fb4159952385f386bdcc643813d472039", size = 10982085 },
    { url = "https://files.pythonhosted.org/packages/bb/a4/c84bc13d0b573cf7bb7d17b16d6d29f84267c92d79b2f478d4ce322e8e72/ruff-0.6.9-py3-none-win32.whl", hash = "sha256:eb61ec9bdb2506cffd492e05ac40e5bc6284873aceb605503d8494180d6fc84d", size = 8522088 },
    { url = "https://files.pythonhosted.org/packages/74/be/fc352bd8ca40daae8740b54c1c3e905a7efe470d420a268cd62150248c91/ruff-0.6.9-py3-none-win_amd64.whl", hash = "sha256:785d31851c1ae91f45b3d8fe23b8ae4b5170089021fbb42402d811135f0b7117", size = 9359275 },
    { url = "https://files.pythonhosted.org/packages/3e/14/fd026bc74ded05e2351681545a5f626e78ef831f8edce064d61acd2e6ec7/ruff-0.6.9-py3-none-win_arm64.whl", hash = "sha256:a9641e31476d601f83cd602608739a0840e348bda93fec9f1ee816f8b6798b93", size = 8679879 },
]

[[package]]
name = "setuptools"
version = "75.1.0"
source = { registry = "https://pypi.org/simple" }
sdist = { url = "https://files.pythonhosted.org/packages/27/b8/f21073fde99492b33ca357876430822e4800cdf522011f18041351dfa74b/setuptools-75.1.0.tar.gz", hash = "sha256:d59a21b17a275fb872a9c3dae73963160ae079f1049ed956880cd7c09b120538", size = 1348057 }
wheels = [
    { url = "https://files.pythonhosted.org/packages/ff/ae/f19306b5a221f6a436d8f2238d5b80925004093fa3edea59835b514d9057/setuptools-75.1.0-py3-none-any.whl", hash = "sha256:35ab7fd3bcd95e6b7fd704e4a1539513edad446c097797f2985e0e4b960772f2", size = 1248506 },
]

[[package]]
name = "types-protobuf"
version = "5.28.0.20240924"
source = { registry = "https://pypi.org/simple" }
sdist = { url = "https://files.pythonhosted.org/packages/90/c3/217fe2c6a4b8ed75c5ecbd27ae8dedd7bc8e8728ac4b29d16005d3a3aba2/types-protobuf-5.28.0.20240924.tar.gz", hash = "sha256:d181af8a256e5a91ce8d5adb53496e880efd9144c7d54483e3653332b60296f0", size = 54324 }
wheels = [
    { url = "https://files.pythonhosted.org/packages/61/2b/98bfe67a73b15964513b471ce10b610ab0df28825900e0e7517b2bf23952/types_protobuf-5.28.0.20240924-py3-none-any.whl", hash = "sha256:5cecf612ccdefb7dc95f7a51fb502902f20fc2e6681cd500184aaa1b3931d6a7", size = 68761 },
]

[[package]]
name = "typing-extensions"
version = "4.12.2"
source = { registry = "https://pypi.org/simple" }
sdist = { url = "https://files.pythonhosted.org/packages/df/db/f35a00659bc03fec321ba8bce9420de607a1d37f8342eee1863174c69557/typing_extensions-4.12.2.tar.gz", hash = "sha256:1a7ead55c7e559dd4dee8856e3a88b41225abfe1ce8df57b7c13915fe121ffb8", size = 85321 }
wheels = [
    { url = "https://files.pythonhosted.org/packages/26/9f/ad63fc0248c5379346306f8668cda6e2e2e9c95e01216d2b8ffd9ff037d0/typing_extensions-4.12.2-py3-none-any.whl", hash = "sha256:04e5ca0351e0f3f85c6853954072df659d0d13fac324d0072316b67d7794700d", size = 37438 },
]
